
Microsoft Visual Studio Solution File, Format Version 12.00
# Visual Studio Version 17
VisualStudioVersion = 17.0.31903.59
MinimumVisualStudioVersion = 10.0.40219.1
Project("{2150E333-8FDC-42A3-9474-1A3956D46DE8}") = "src", "src", "{F08FCA86-7202-444C-B564-5733F0F66A5F}"
EndProject
Project("{9A19103F-16F7-4668-BE54-9A1E7A4F7556}") = "API", "src\API\API.csproj", "{1D3CEFB4-FF31-47B8-BD41-E165ACE1F1D6}"
EndProject
Project("{9A19103F-16F7-4668-BE54-9A1E7A4F7556}") = "Application", "src\Application\Application.csproj", "{F3AFB8C2-62D0-4063-B349-4B8073CF3B24}"
EndProject
Project("{9A19103F-16F7-4668-BE54-9A1E7A4F7556}") = "Domain", "src\Domain\Domain.csproj", "{9441AF32-A559-4B15-AE3B-935C303A418E}"
EndProject
Project("{9A19103F-16F7-4668-BE54-9A1E7A4F7556}") = "Infrastructure", "src\Infrastructure\Infrastructure.csproj", "{7FB90C00-6616-41B8-8808-6EE5CB65C565}"
EndProject
Project("{9A19103F-16F7-4668-BE54-9A1E7A4F7556}") = "Persistence", "src\Persistence\Persistence.csproj", "{E56AC073-8FA8-4255-B7B6-C145572D465A}"
EndProject
Project("{2150E333-8FDC-42A3-9474-1A3956D46DE8}") = "tests", "tests", "{EE5DFBA0-6F6A-4E4F-BC91-8378780C3F9D}"
EndProject
Project("{FAE04EC0-301F-11D3-BF4B-00C04F79EFBC}") = "API.Tests", "tests\API.Tests\API.Tests.csproj", "{09D75D7A-331A-483E-8F3D-AE31D3292EDE}"
EndProject
Project("{FAE04EC0-301F-11D3-BF4B-00C04F79EFBC}") = "Application.Tests", "tests\Application.Tests\Application.Tests.csproj", "{5197346D-2242-4BC1-A1A4-3FB00A93E954}"
EndProject
Global
	GlobalSection(SolutionConfigurationPlatforms) = preSolution
		Debug|Any CPU = Debug|Any CPU
		Release|Any CPU = Release|Any CPU
	EndGlobalSection
	GlobalSection(ProjectConfigurationPlatforms) = postSolution
		{1D3CEFB4-FF31-47B8-BD41-E165ACE1F1D6}.Debug|Any CPU.ActiveCfg = Debug|Any CPU
		{1D3CEFB4-FF31-47B8-BD41-E165ACE1F1D6}.Debug|Any CPU.Build.0 = Debug|Any CPU
		{1D3CEFB4-FF31-47B8-BD41-E165ACE1F1D6}.Release|Any CPU.ActiveCfg = Release|Any CPU
		{1D3CEFB4-FF31-47B8-BD41-E165ACE1F1D6}.Release|Any CPU.Build.0 = Release|Any CPU
		{F3AFB8C2-62D0-4063-B349-4B8073CF3B24}.Debug|Any CPU.ActiveCfg = Debug|Any CPU
		{F3AFB8C2-62D0-4063-B349-4B8073CF3B24}.Debug|Any CPU.Build.0 = Debug|Any CPU
		{F3AFB8C2-62D0-4063-B349-4B8073CF3B24}.Release|Any CPU.ActiveCfg = Release|Any CPU
		{F3AFB8C2-62D0-4063-B349-4B8073CF3B24}.Release|Any CPU.Build.0 = Release|Any CPU
		{9441AF32-A559-4B15-AE3B-935C303A418E}.Debug|Any CPU.ActiveCfg = Debug|Any CPU
		{9441AF32-A559-4B15-AE3B-935C303A418E}.Debug|Any CPU.Build.0 = Debug|Any CPU
		{9441AF32-A559-4B15-AE3B-935C303A418E}.Release|Any CPU.ActiveCfg = Release|Any CPU
		{9441AF32-A559-4B15-AE3B-935C303A418E}.Release|Any CPU.Build.0 = Release|Any CPU
		{7FB90C00-6616-41B8-8808-6EE5CB65C565}.Debug|Any CPU.ActiveCfg = Debug|Any CPU
		{7FB90C00-6616-41B8-8808-6EE5CB65C565}.Debug|Any CPU.Build.0 = Debug|Any CPU
		{7FB90C00-6616-41B8-8808-6EE5CB65C565}.Release|Any CPU.ActiveCfg = Release|Any CPU
		{7FB90C00-6616-41B8-8808-6EE5CB65C565}.Release|Any CPU.Build.0 = Release|Any CPU
		{E56AC073-8FA8-4255-B7B6-C145572D465A}.Debug|Any CPU.ActiveCfg = Debug|Any CPU
		{E56AC073-8FA8-4255-B7B6-C145572D465A}.Debug|Any CPU.Build.0 = Debug|Any CPU
		{E56AC073-8FA8-4255-B7B6-C145572D465A}.Release|Any CPU.ActiveCfg = Release|Any CPU
		{E56AC073-8FA8-4255-B7B6-C145572D465A}.Release|Any CPU.Build.0 = Release|Any CPU
		{09D75D7A-331A-483E-8F3D-AE31D3292EDE}.Debug|Any CPU.ActiveCfg = Debug|Any CPU
		{09D75D7A-331A-483E-8F3D-AE31D3292EDE}.Debug|Any CPU.Build.0 = Debug|Any CPU
		{09D75D7A-331A-483E-8F3D-AE31D3292EDE}.Release|Any CPU.ActiveCfg = Release|Any CPU
		{09D75D7A-331A-483E-8F3D-AE31D3292EDE}.Release|Any CPU.Build.0 = Release|Any CPU
		{5197346D-2242-4BC1-A1A4-3FB00A93E954}.Debug|Any CPU.ActiveCfg = Debug|Any CPU
		{5197346D-2242-4BC1-A1A4-3FB00A93E954}.Debug|Any CPU.Build.0 = Debug|Any CPU
		{5197346D-2242-4BC1-A1A4-3FB00A93E954}.Release|Any CPU.ActiveCfg = Release|Any CPU
		{5197346D-2242-4BC1-A1A4-3FB00A93E954}.Release|Any CPU.Build.0 = Release|Any CPU
	EndGlobalSection
	GlobalSection(SolutionProperties) = preSolution
		HideSolutionNode = FALSE
	EndGlobalSection
	GlobalSection(NestedProjects) = preSolution
		{1D3CEFB4-FF31-47B8-BD41-E165ACE1F1D6} = {F08FCA86-7202-444C-B564-5733F0F66A5F}
		{F3AFB8C2-62D0-4063-B349-4B8073CF3B24} = {F08FCA86-7202-444C-B564-5733F0F66A5F}
		{9441AF32-A559-4B15-AE3B-935C303A418E} = {F08FCA86-7202-444C-B564-5733F0F66A5F}
		{7FB90C00-6616-41B8-8808-6EE5CB65C565} = {F08FCA86-7202-444C-B564-5733F0F66A5F}
		{E56AC073-8FA8-4255-B7B6-C145572D465A} = {F08FCA86-7202-444C-B564-5733F0F66A5F}
		{09D75D7A-331A-483E-8F3D-AE31D3292EDE} = {EE5DFBA0-6F6A-4E4F-BC91-8378780C3F9D}
		{5197346D-2242-4BC1-A1A4-3FB00A93E954} = {EE5DFBA0-6F6A-4E4F-BC91-8378780C3F9D}
	EndGlobalSection
	GlobalSection(ExtensibilityGlobals) = postSolution
		SolutionGuid = {0D830B0D-ABEA-4EC2-A000-9627F7A78E4C}
	EndGlobalSection
EndGlobal
